
Microsoft Visual Studio Solution File, Format Version 12.00
# Visual Studio Version 16
VisualStudioVersion = 16.0.32228.343
MinimumVisualStudioVersion = 10.0.40219.1
Project("{FAE04EC0-301F-11D3-BF4B-00C04F79EFBC}") = "CalculadoraApiRest", "CalculadoraApiRest\CalculadoraApiRest.csproj", "{3DEB40CA-9CA7-4D1A-BC4D-B7CDC07D0EED}"
EndProject
Global
	GlobalSection(SolutionConfigurationPlatforms) = preSolution
		Debug|Any CPU = Debug|Any CPU
		Release|Any CPU = Release|Any CPU
	EndGlobalSection
	GlobalSection(ProjectConfigurationPlatforms) = postSolution
		{3DEB40CA-9CA7-4D1A-BC4D-B7CDC07D0EED}.Debug|Any CPU.ActiveCfg = Debug|Any CPU
		{3DEB40CA-9CA7-4D1A-BC4D-B7CDC07D0EED}.Debug|Any CPU.Build.0 = Debug|Any CPU
		{3DEB40CA-9CA7-4D1A-BC4D-B7CDC07D0EED}.Release|Any CPU.ActiveCfg = Release|Any CPU
		{3DEB40CA-9CA7-4D1A-BC4D-B7CDC07D0EED}.Release|Any CPU.Build.0 = Release|Any CPU
	EndGlobalSection
	GlobalSection(SolutionProperties) = preSolution
		HideSolutionNode = FALSE
	EndGlobalSection
	GlobalSection(ExtensibilityGlobals) = postSolution
		SolutionGuid = {BA47F0EA-DB6B-4E5B-81A7-4C29100FB246}
	EndGlobalSection
EndGlobal
